
Microsoft Visual Studio Solution File, Format Version 12.00
# Visual Studio 15
Project("{FAE04EC0-301F-11D3-BF4B-00C04F79EFBC}") = "Assembly-CSharp", "Assembly-CSharp.csproj", "{2D16093A-A3BE-1691-78F8-6D7B6A3AA64A}"
EndProject
Project("{FAE04EC0-301F-11D3-BF4B-00C04F79EFBC}") = "Unity.XR.Interaction.Toolkit.Samples.StarterAssets", "Unity.XR.Interaction.Toolkit.Samples.StarterAssets.csproj", "{80D80BC1-A91C-DA62-C850-75F7BFC7332E}"
EndProject
Project("{FAE04EC0-301F-11D3-BF4B-00C04F79EFBC}") = "Unity.XR.Interaction.Toolkit.Samples.StarterAssets.Editor", "Unity.XR.Interaction.Toolkit.Samples.StarterAssets.Editor.csproj", "{51E72057-F6D3-9B3E-BA57-5D3A15C73F57}"
EndProject
Global
	GlobalSection(SolutionConfigurationPlatforms) = preSolution
		Debug|Any CPU = Debug|Any CPU
		Release|Any CPU = Release|Any CPU
	EndGlobalSection
	GlobalSection(ProjectConfigurationPlatforms) = postSolution
		{2D16093A-A3BE-1691-78F8-6D7B6A3AA64A}.Debug|Any CPU.ActiveCfg = Debug|Any CPU
		{2D16093A-A3BE-1691-78F8-6D7B6A3AA64A}.Debug|Any CPU.Build.0 = Debug|Any CPU
		{2D16093A-A3BE-1691-78F8-6D7B6A3AA64A}.Release|Any CPU.ActiveCfg = Release|Any CPU
		{2D16093A-A3BE-1691-78F8-6D7B6A3AA64A}.Release|Any CPU.Build.0 = Release|Any CPU
		{80D80BC1-A91C-DA62-C850-75F7BFC7332E}.Debug|Any CPU.ActiveCfg = Debug|Any CPU
		{80D80BC1-A91C-DA62-C850-75F7BFC7332E}.Debug|Any CPU.Build.0 = Debug|Any CPU
		{80D80BC1-A91C-DA62-C850-75F7BFC7332E}.Release|Any CPU.ActiveCfg = Release|Any CPU
		{80D80BC1-A91C-DA62-C850-75F7BFC7332E}.Release|Any CPU.Build.0 = Release|Any CPU
		{51E72057-F6D3-9B3E-BA57-5D3A15C73F57}.Debug|Any CPU.ActiveCfg = Debug|Any CPU
		{51E72057-F6D3-9B3E-BA57-5D3A15C73F57}.Debug|Any CPU.Build.0 = Debug|Any CPU
		{51E72057-F6D3-9B3E-BA57-5D3A15C73F57}.Release|Any CPU.ActiveCfg = Release|Any CPU
		{51E72057-F6D3-9B3E-BA57-5D3A15C73F57}.Release|Any CPU.Build.0 = Release|Any CPU
	EndGlobalSection
	GlobalSection(SolutionProperties) = preSolution
		HideSolutionNode = FALSE
	EndGlobalSection
EndGlobal
